// !$*UTF8*$!
{
	archiveVersion = 1;
	classes = {
	};
	objectVersion = 56;
	objects = {

/* Begin PBXBuildFile section */
		BE5D3CA52BD63D5600541402 /* StaksApp.swift in Sources */ = {isa = PBXBuildFile; fileRef = BE5D3CA42BD63D5600541402 /* StaksApp.swift */; };
		BE5D3CA72BD63D5600541402 /* ContentView.swift in Sources */ = {isa = PBXBuildFile; fileRef = BE5D3CA62BD63D5600541402 /* ContentView.swift */; };
		BE5D3CA92BD63D5800541402 /* Assets.xcassets in Resources */ = {isa = PBXBuildFile; fileRef = BE5D3CA82BD63D5800541402 /* Assets.xcassets */; };
		BE5D3CAC2BD63D5800541402 /* Preview Assets.xcassets in Resources */ = {isa = PBXBuildFile; fileRef = BE5D3CAB2BD63D5800541402 /* Preview Assets.xcassets */; };
		BE5D3CB62BD63D5800541402 /* StaksTests.swift in Sources */ = {isa = PBXBuildFile; fileRef = BE5D3CB52BD63D5800541402 /* StaksTests.swift */; };
		BE5D3CC02BD63D5800541402 /* StaksUITests.swift in Sources */ = {isa = PBXBuildFile; fileRef = BE5D3CBF2BD63D5800541402 /* StaksUITests.swift */; };
		BE5D3CC22BD63D5800541402 /* StaksUITestsLaunchTests.swift in Sources */ = {isa = PBXBuildFile; fileRef = BE5D3CC12BD63D5800541402 /* StaksUITestsLaunchTests.swift */; };
/* End PBXBuildFile section */

/* Begin PBXContainerItemProxy section */
		BE5D3CB22BD63D5800541402 /* PBXContainerItemProxy */ = {
			isa = PBXContainerItemProxy;
			containerPortal = BE5D3C992BD63D5600541402 /* Project object */;
			proxyType = 1;
			remoteGlobalIDString = BE5D3CA02BD63D5600541402;
			remoteInfo = Staks;
		};
		BE5D3CBC2BD63D5800541402 /* PBXContainerItemProxy */ = {
			isa = PBXContainerItemProxy;
			containerPortal = BE5D3C992BD63D5600541402 /* Project object */;
			proxyType = 1;
			remoteGlobalIDString = BE5D3CA02BD63D5600541402;
			remoteInfo = Staks;
		};
/* End PBXContainerItemProxy section */

/* Begin PBXFileReference section */
		BE5D3CA12BD63D5600541402 /* Staks.app */ = {isa = PBXFileReference; explicitFileType = wrapper.application; includeInIndex = 0; path = Staks.app; sourceTree = BUILT_PRODUCTS_DIR; };
		BE5D3CA42BD63D5600541402 /* StaksApp.swift */ = {isa = PBXFileReference; lastKnownFileType = sourcecode.swift; path = StaksApp.swift; sourceTree = "<group>"; };
		BE5D3CA62BD63D5600541402 /* ContentView.swift */ = {isa = PBXFileReference; lastKnownFileType = sourcecode.swift; path = ContentView.swift; sourceTree = "<group>"; };
		BE5D3CA82BD63D5800541402 /* Assets.xcassets */ = {isa = PBXFileReference; lastKnownFileType = folder.assetcatalog; path = Assets.xcassets; sourceTree = "<group>"; };
		BE5D3CAB2BD63D5800541402 /* Preview Assets.xcassets */ = {isa = PBXFileReference; lastKnownFileType = folder.assetcatalog; path = "Preview Assets.xcassets"; sourceTree = "<group>"; };
		BE5D3CB12BD63D5800541402 /* StaksTests.xctest */ = {isa = PBXFileReference; explicitFileType = wrapper.cfbundle; includeInIndex = 0; path = StaksTests.xctest; sourceTree = BUILT_PRODUCTS_DIR; };
		BE5D3CB52BD63D5800541402 /* StaksTests.swift */ = {isa = PBXFileReference; lastKnownFileType = sourcecode.swift; path = StaksTests.swift; sourceTree = "<group>"; };
		BE5D3CBB2BD63D5800541402 /* StaksUITests.xctest */ = {isa = PBXFileReference; explicitFileType = wrapper.cfbundle; includeInIndex = 0; path = StaksUITests.xctest; sourceTree = BUILT_PRODUCTS_DIR; };
		BE5D3CBF2BD63D5800541402 /* StaksUITests.swift */ = {isa = PBXFileReference; lastKnownFileType = sourcecode.swift; path = StaksUITests.swift; sourceTree = "<group>"; };
		BE5D3CC12BD63D5800541402 /* StaksUITestsLaunchTests.swift */ = {isa = PBXFileReference; lastKnownFileType = sourcecode.swift; path = StaksUITestsLaunchTests.swift; sourceTree = "<group>"; };
/* End PBXFileReference section */

/* Begin PBXFrameworksBuildPhase section */
		BE5D3C9E2BD63D5600541402 /* Frameworks */ = {
			isa = PBXFrameworksBuildPhase;
			buildActionMask = 2147483647;
			files = (
			);
			runOnlyForDeploymentPostprocessing = 0;
		};
		BE5D3CAE2BD63D5800541402 /* Frameworks */ = {
			isa = PBXFrameworksBuildPhase;
			buildActionMask = 2147483647;
			files = (
			);
			runOnlyForDeploymentPostprocessing = 0;
		};
		BE5D3CB82BD63D5800541402 /* Frameworks */ = {
			isa = PBXFrameworksBuildPhase;
			buildActionMask = 2147483647;
			files = (
			);
			runOnlyForDeploymentPostprocessing = 0;
		};
/* End PBXFrameworksBuildPhase section */

/* Begin PBXGroup section */
		BE5D3C982BD63D5600541402 = {
			isa = PBXGroup;
			children = (
				BE5D3CA32BD63D5600541402 /* Staks */,
				BE5D3CB42BD63D5800541402 /* StaksTests */,
				BE5D3CBE2BD63D5800541402 /* StaksUITests */,
				BE5D3CA22BD63D5600541402 /* Products */,
			);
			sourceTree = "<group>";
		};
		BE5D3CA22BD63D5600541402 /* Products */ = {
			isa = PBXGroup;
			children = (
				BE5D3CA12BD63D5600541402 /* Staks.app */,
				BE5D3CB12BD63D5800541402 /* StaksTests.xctest */,
				BE5D3CBB2BD63D5800541402 /* StaksUITests.xctest */,
			);
			name = Products;
			sourceTree = "<group>";
		};
		BE5D3CA32BD63D5600541402 /* Staks */ = {
			isa = PBXGroup;
			children = (
				BE5D3CA42BD63D5600541402 /* StaksApp.swift */,
				BE5D3CA62BD63D5600541402 /* ContentView.swift */,
				BE5D3CA82BD63D5800541402 /* Assets.xcassets */,
				BE5D3CAA2BD63D5800541402 /* Preview Content */,
			);
			path = Staks;
			sourceTree = "<group>";
		};
		BE5D3CAA2BD63D5800541402 /* Preview Content */ = {
			isa = PBXGroup;
			children = (
				BE5D3CAB2BD63D5800541402 /* Preview Assets.xcassets */,
			);
			path = "Preview Content";
			sourceTree = "<group>";
		};
		BE5D3CB42BD63D5800541402 /* StaksTests */ = {
			isa = PBXGroup;
			children = (
				BE5D3CB52BD63D5800541402 /* StaksTests.swift */,
			);
			path = StaksTests;
			sourceTree = "<group>";
		};
		BE5D3CBE2BD63D5800541402 /* StaksUITests */ = {
			isa = PBXGroup;
			children = (
				BE5D3CBF2BD63D5800541402 /* StaksUITests.swift */,
				BE5D3CC12BD63D5800541402 /* StaksUITestsLaunchTests.swift */,
			);
			path = StaksUITests;
			sourceTree = "<group>";
		};
/* End PBXGroup section */

/* Begin PBXNativeTarget section */
		BE5D3CA02BD63D5600541402 /* Staks */ = {
			isa = PBXNativeTarget;
			buildConfigurationList = BE5D3CC52BD63D5800541402 /* Build configuration list for PBXNativeTarget "Staks" */;
			buildPhases = (
				BE5D3C9D2BD63D5600541402 /* Sources */,
				BE5D3C9E2BD63D5600541402 /* Frameworks */,
				BE5D3C9F2BD63D5600541402 /* Resources */,
			);
			buildRules = (
			);
			dependencies = (
			);
			name = Staks;
			productName = Staks;
			productReference = BE5D3CA12BD63D5600541402 /* Staks.app */;
			productType = "com.apple.product-type.application";
		};
		BE5D3CB02BD63D5800541402 /* StaksTests */ = {
			isa = PBXNativeTarget;
			buildConfigurationList = BE5D3CC82BD63D5800541402 /* Build configuration list for PBXNativeTarget "StaksTests" */;
			buildPhases = (
				BE5D3CAD2BD63D5800541402 /* Sources */,
				BE5D3CAE2BD63D5800541402 /* Frameworks */,
				BE5D3CAF2BD63D5800541402 /* Resources */,
			);
			buildRules = (
			);
			dependencies = (
				BE5D3CB32BD63D5800541402 /* PBXTargetDependency */,
			);
			name = StaksTests;
			productName = StaksTests;
			productReference = BE5D3CB12BD63D5800541402 /* StaksTests.xctest */;
			productType = "com.apple.product-type.bundle.unit-test";
		};
		BE5D3CBA2BD63D5800541402 /* StaksUITests */ = {
			isa = PBXNativeTarget;
			buildConfigurationList = BE5D3CCB2BD63D5800541402 /* Build configuration list for PBXNativeTarget "StaksUITests" */;
			buildPhases = (
				BE5D3CB72BD63D5800541402 /* Sources */,
				BE5D3CB82BD63D5800541402 /* Frameworks */,
				BE5D3CB92BD63D5800541402 /* Resources */,
			);
			buildRules = (
			);
			dependencies = (
				BE5D3CBD2BD63D5800541402 /* PBXTargetDependency */,
			);
			name = StaksUITests;
			productName = StaksUITests;
			productReference = BE5D3CBB2BD63D5800541402 /* StaksUITests.xctest */;
			productType = "com.apple.product-type.bundle.ui-testing";
		};
/* End PBXNativeTarget section */

/* Begin PBXProject section */
		BE5D3C992BD63D5600541402 /* Project object */ = {
			isa = PBXProject;
			attributes = {
				BuildIndependentTargetsInParallel = 1;
				LastSwiftUpdateCheck = 1500;
				LastUpgradeCheck = 1500;
				TargetAttributes = {
					BE5D3CA02BD63D5600541402 = {
						CreatedOnToolsVersion = 15.0;
					};
					BE5D3CB02BD63D5800541402 = {
						CreatedOnToolsVersion = 15.0;
						TestTargetID = BE5D3CA02BD63D5600541402;
					};
					BE5D3CBA2BD63D5800541402 = {
						CreatedOnToolsVersion = 15.0;
						TestTargetID = BE5D3CA02BD63D5600541402;
					};
				};
			};
			buildConfigurationList = BE5D3C9C2BD63D5600541402 /* Build configuration list for PBXProject "Staks" */;
			compatibilityVersion = "Xcode 14.0";
			developmentRegion = en;
			hasScannedForEncodings = 0;
			knownRegions = (
				en,
				Base,
			);
			mainGroup = BE5D3C982BD63D5600541402;
			productRefGroup = BE5D3CA22BD63D5600541402 /* Products */;
			projectDirPath = "";
			projectRoot = "";
			targets = (
				BE5D3CA02BD63D5600541402 /* Staks */,
				BE5D3CB02BD63D5800541402 /* StaksTests */,
				BE5D3CBA2BD63D5800541402 /* StaksUITests */,
			);
		};
/* End PBXProject section */

/* Begin PBXResourcesBuildPhase section */
		BE5D3C9F2BD63D5600541402 /* Resources */ = {
			isa = PBXResourcesBuildPhase;
			buildActionMask = 2147483647;
			files = (
				BE5D3CAC2BD63D5800541402 /* Preview Assets.xcassets in Resources */,
				BE5D3CA92BD63D5800541402 /* Assets.xcassets in Resources */,
			);
			runOnlyForDeploymentPostprocessing = 0;
		};
		BE5D3CAF2BD63D5800541402 /* Resources */ = {
			isa = PBXResourcesBuildPhase;
			buildActionMask = 2147483647;
			files = (
			);
			runOnlyForDeploymentPostprocessing = 0;
		};
		BE5D3CB92BD63D5800541402 /* Resources */ = {
			isa = PBXResourcesBuildPhase;
			buildActionMask = 2147483647;
			files = (
			);
			runOnlyForDeploymentPostprocessing = 0;
		};
/* End PBXResourcesBuildPhase section */

/* Begin PBXSourcesBuildPhase section */
		BE5D3C9D2BD63D5600541402 /* Sources */ = {
			isa = PBXSourcesBuildPhase;
			buildActionMask = 2147483647;
			files = (
				BE5D3CA72BD63D5600541402 /* ContentView.swift in Sources */,
				BE5D3CA52BD63D5600541402 /* StaksApp.swift in Sources */,
			);
			runOnlyForDeploymentPostprocessing = 0;
		};
		BE5D3CAD2BD63D5800541402 /* Sources */ = {
			isa = PBXSourcesBuildPhase;
			buildActionMask = 2147483647;
			files = (
				BE5D3CB62BD63D5800541402 /* StaksTests.swift in Sources */,
			);
			runOnlyForDeploymentPostprocessing = 0;
		};
		BE5D3CB72BD63D5800541402 /* Sources */ = {
			isa = PBXSourcesBuildPhase;
			buildActionMask = 2147483647;
			files = (
				BE5D3CC02BD63D5800541402 /* StaksUITests.swift in Sources */,
				BE5D3CC22BD63D5800541402 /* StaksUITestsLaunchTests.swift in Sources */,
			);
			runOnlyForDeploymentPostprocessing = 0;
		};
/* End PBXSourcesBuildPhase section */

/* Begin PBXTargetDependency section */
		BE5D3CB32BD63D5800541402 /* PBXTargetDependency */ = {
			isa = PBXTargetDependency;
			target = BE5D3CA02BD63D5600541402 /* Staks */;
			targetProxy = BE5D3CB22BD63D5800541402 /* PBXContainerItemProxy */;
		};
		BE5D3CBD2BD63D5800541402 /* PBXTargetDependency */ = {
			isa = PBXTargetDependency;
			target = BE5D3CA02BD63D5600541402 /* Staks */;
			targetProxy = BE5D3CBC2BD63D5800541402 /* PBXContainerItemProxy */;
		};
/* End PBXTargetDependency section */

/* Begin XCBuildConfiguration section */
		BE5D3CC32BD63D5800541402 /* Debug */ = {
			isa = XCBuildConfiguration;
			buildSettings = {
				ALWAYS_SEARCH_USER_PATHS = NO;
				ASSETCATALOG_COMPILER_GENERATE_SWIFT_ASSET_SYMBOL_EXTENSIONS = YES;
				CLANG_ANALYZER_NONNULL = YES;
				CLANG_ANALYZER_NUMBER_OBJECT_CONVERSION = YES_AGGRESSIVE;
				CLANG_CXX_LANGUAGE_STANDARD = "gnu++20";
				CLANG_ENABLE_MODULES = YES;
				CLANG_ENABLE_OBJC_ARC = YES;
				CLANG_ENABLE_OBJC_WEAK = YES;
				CLANG_WARN_BLOCK_CAPTURE_AUTORELEASING = YES;
				CLANG_WARN_BOOL_CONVERSION = YES;
				CLANG_WARN_COMMA = YES;
				CLANG_WARN_CONSTANT_CONVERSION = YES;
				CLANG_WARN_DEPRECATED_OBJC_IMPLEMENTATIONS = YES;
				CLANG_WARN_DIRECT_OBJC_ISA_USAGE = YES_ERROR;
				CLANG_WARN_DOCUMENTATION_COMMENTS = YES;
				CLANG_WARN_EMPTY_BODY = YES;
				CLANG_WARN_ENUM_CONVERSION = YES;
				CLANG_WARN_INFINITE_RECURSION = YES;
				CLANG_WARN_INT_CONVERSION = YES;
				CLANG_WARN_NON_LITERAL_NULL_CONVERSION = YES;
				CLANG_WARN_OBJC_IMPLICIT_RETAIN_SELF = YES;
				CLANG_WARN_OBJC_LITERAL_CONVERSION = YES;
				CLANG_WARN_OBJC_ROOT_CLASS = YES_ERROR;
				CLANG_WARN_QUOTED_INCLUDE_IN_FRAMEWORK_HEADER = YES;
				CLANG_WARN_RANGE_LOOP_ANALYSIS = YES;
				CLANG_WARN_STRICT_PROTOTYPES = YES;
				CLANG_WARN_SUSPICIOUS_MOVE = YES;
				CLANG_WARN_UNGUARDED_AVAILABILITY = YES_AGGRESSIVE;
				CLANG_WARN_UNREACHABLE_CODE = YES;
				CLANG_WARN__DUPLICATE_METHOD_MATCH = YES;
				COPY_PHASE_STRIP = NO;
				DEBUG_INFORMATION_FORMAT = dwarf;
				ENABLE_STRICT_OBJC_MSGSEND = YES;
				ENABLE_TESTABILITY = YES;
				ENABLE_USER_SCRIPT_SANDBOXING = YES;
				GCC_C_LANGUAGE_STANDARD = gnu17;
				GCC_DYNAMIC_NO_PIC = NO;
				GCC_NO_COMMON_BLOCKS = YES;
				GCC_OPTIMIZATION_LEVEL = 0;
				GCC_PREPROCESSOR_DEFINITIONS = (
					"DEBUG=1",
					"$(inherited)",
				);
				GCC_WARN_64_TO_32_BIT_CONVERSION = YES;
				GCC_WARN_ABOUT_RETURN_TYPE = YES_ERROR;
				GCC_WARN_UNDECLARED_SELECTOR = YES;
				GCC_WARN_UNINITIALIZED_AUTOS = YES_AGGRESSIVE;
				GCC_WARN_UNUSED_FUNCTION = YES;
				GCC_WARN_UNUSED_VARIABLE = YES;
				IPHONEOS_DEPLOYMENT_TARGET = 17.0;
				LOCALIZATION_PREFERS_STRING_CATALOGS = YES;
				MTL_ENABLE_DEBUG_INFO = INCLUDE_SOURCE;
				MTL_FAST_MATH = YES;
				ONLY_ACTIVE_ARCH = YES;
				SDKROOT = iphoneos;
				SWIFT_ACTIVE_COMPILATION_CONDITIONS = "DEBUG $(inherited)";
				SWIFT_OPTIMIZATION_LEVEL = "-Onone";
			};
			name = Debug;
		};
		BE5D3CC42BD63D5800541402 /* Release */ = {
			isa = XCBuildConfiguration;
			buildSettings = {
				ALWAYS_SEARCH_USER_PATHS = NO;
				ASSETCATALOG_COMPILER_GENERATE_SWIFT_ASSET_SYMBOL_EXTENSIONS = YES;
				CLANG_ANALYZER_NONNULL = YES;
				CLANG_ANALYZER_NUMBER_OBJECT_CONVERSION = YES_AGGRESSIVE;
				CLANG_CXX_LANGUAGE_STANDARD = "gnu++20";
				CLANG_ENABLE_MODULES = YES;
				CLANG_ENABLE_OBJC_ARC = YES;
				CLANG_ENABLE_OBJC_WEAK = YES;
				CLANG_WARN_BLOCK_CAPTURE_AUTORELEASING = YES;
				CLANG_WARN_BOOL_CONVERSION = YES;
				CLANG_WARN_COMMA = YES;
				CLANG_WARN_CONSTANT_CONVERSION = YES;
				CLANG_WARN_DEPRECATED_OBJC_IMPLEMENTATIONS = YES;
				CLANG_WARN_DIRECT_OBJC_ISA_USAGE = YES_ERROR;
				CLANG_WARN_DOCUMENTATION_COMMENTS = YES;
				CLANG_WARN_EMPTY_BODY = YES;
				CLANG_WARN_ENUM_CONVERSION = YES;
				CLANG_WARN_INFINITE_RECURSION = YES;
				CLANG_WARN_INT_CONVERSION = YES;
				CLANG_WARN_NON_LITERAL_NULL_CONVERSION = YES;
				CLANG_WARN_OBJC_IMPLICIT_RETAIN_SELF = YES;
				CLANG_WARN_OBJC_LITERAL_CONVERSION = YES;
				CLANG_WARN_OBJC_ROOT_CLASS = YES_ERROR;
				CLANG_WARN_QUOTED_INCLUDE_IN_FRAMEWORK_HEADER = YES;
				CLANG_WARN_RANGE_LOOP_ANALYSIS = YES;
				CLANG_WARN_STRICT_PROTOTYPES = YES;
				CLANG_WARN_SUSPICIOUS_MOVE = YES;
				CLANG_WARN_UNGUARDED_AVAILABILITY = YES_AGGRESSIVE;
				CLANG_WARN_UNREACHABLE_CODE = YES;
				CLANG_WARN__DUPLICATE_METHOD_MATCH = YES;
				COPY_PHASE_STRIP = NO;
				DEBUG_INFORMATION_FORMAT = "dwarf-with-dsym";
				ENABLE_NS_ASSERTIONS = NO;
				ENABLE_STRICT_OBJC_MSGSEND = YES;
				ENABLE_USER_SCRIPT_SANDBOXING = YES;
				GCC_C_LANGUAGE_STANDARD = gnu17;
				GCC_NO_COMMON_BLOCKS = YES;
				GCC_WARN_64_TO_32_BIT_CONVERSION = YES;
				GCC_WARN_ABOUT_RETURN_TYPE = YES_ERROR;
				GCC_WARN_UNDECLARED_SELECTOR = YES;
				GCC_WARN_UNINITIALIZED_AUTOS = YES_AGGRESSIVE;
				GCC_WARN_UNUSED_FUNCTION = YES;
				GCC_WARN_UNUSED_VARIABLE = YES;
				IPHONEOS_DEPLOYMENT_TARGET = 17.0;
				LOCALIZATION_PREFERS_STRING_CATALOGS = YES;
				MTL_ENABLE_DEBUG_INFO = NO;
				MTL_FAST_MATH = YES;
				SDKROOT = iphoneos;
				SWIFT_COMPILATION_MODE = wholemodule;
				VALIDATE_PRODUCT = YES;
			};
			name = Release;
		};
		BE5D3CC62BD63D5800541402 /* Debug */ = {
			isa = XCBuildConfiguration;
			buildSettings = {
				ASSETCATALOG_COMPILER_APPICON_NAME = AppIcon;
				ASSETCATALOG_COMPILER_GLOBAL_ACCENT_COLOR_NAME = AccentColor;
				CODE_SIGN_STYLE = Automatic;
				CURRENT_PROJECT_VERSION = 1;
				DEVELOPMENT_ASSET_PATHS = "\"Staks/Preview Content\"";
				DEVELOPMENT_TEAM = J5375DNRA9;
				ENABLE_PREVIEWS = YES;
				GENERATE_INFOPLIST_FILE = YES;
				INFOPLIST_KEY_UIApplicationSceneManifest_Generation = YES;
				INFOPLIST_KEY_UIApplicationSupportsIndirectInputEvents = YES;
				INFOPLIST_KEY_UILaunchScreen_Generation = YES;
				INFOPLIST_KEY_UISupportedInterfaceOrientations_iPad = "UIInterfaceOrientationPortrait UIInterfaceOrientationPortraitUpsideDown UIInterfaceOrientationLandscapeLeft UIInterfaceOrientationLandscapeRight";
				INFOPLIST_KEY_UISupportedInterfaceOrientations_iPhone = "UIInterfaceOrientationPortrait UIInterfaceOrientationLandscapeLeft UIInterfaceOrientationLandscapeRight";
				LD_RUNPATH_SEARCH_PATHS = (
					"$(inherited)",
					"@executable_path/Frameworks",
				);
				MARKETING_VERSION = 1.0;
				PRODUCT_BUNDLE_IDENTIFIER = com.stacks.Staks;
				PRODUCT_NAME = "$(TARGET_NAME)";
				SWIFT_EMIT_LOC_STRINGS = YES;
				SWIFT_VERSION = 5.0;
				TARGETED_DEVICE_FAMILY = "1,2";
			};
			name = Debug;
		};
		BE5D3CC72BD63D5800541402 /* Release */ = {
			isa = XCBuildConfiguration;
			buildSettings = {
				ASSETCATALOG_COMPILER_APPICON_NAME = AppIcon;
				ASSETCATALOG_COMPILER_GLOBAL_ACCENT_COLOR_NAME = AccentColor;
				CODE_SIGN_STYLE = Automatic;
				CURRENT_PROJECT_VERSION = 1;
				DEVELOPMENT_ASSET_PATHS = "\"Staks/Preview Content\"";
				DEVELOPMENT_TEAM = J5375DNRA9;
				ENABLE_PREVIEWS = YES;
				GENERATE_INFOPLIST_FILE = YES;
				INFOPLIST_KEY_UIApplicationSceneManifest_Generation = YES;
				INFOPLIST_KEY_UIApplicationSupportsIndirectInputEvents = YES;
				INFOPLIST_KEY_UILaunchScreen_Generation = YES;
				INFOPLIST_KEY_UISupportedInterfaceOrientations_iPad = "UIInterfaceOrientationPortrait UIInterfaceOrientationPortraitUpsideDown UIInterfaceOrientationLandscapeLeft UIInterfaceOrientationLandscapeRight";
				INFOPLIST_KEY_UISupportedInterfaceOrientations_iPhone = "UIInterfaceOrientationPortrait UIInterfaceOrientationLandscapeLeft UIInterfaceOrientationLandscapeRight";
				LD_RUNPATH_SEARCH_PATHS = (
					"$(inherited)",
					"@executable_path/Frameworks",
				);
				MARKETING_VERSION = 1.0;
				PRODUCT_BUNDLE_IDENTIFIER = com.stacks.Staks;
				PRODUCT_NAME = "$(TARGET_NAME)";
				SWIFT_EMIT_LOC_STRINGS = YES;
				SWIFT_VERSION = 5.0;
				TARGETED_DEVICE_FAMILY = "1,2";
			};
			name = Release;
		};
		BE5D3CC92BD63D5800541402 /* Debug */ = {
			isa = XCBuildConfiguration;
			buildSettings = {
				ALWAYS_EMBED_SWIFT_STANDARD_LIBRARIES = YES;
				BUNDLE_LOADER = "$(TEST_HOST)";
				CODE_SIGN_STYLE = Automatic;
				CURRENT_PROJECT_VERSION = 1;
				DEVELOPMENT_TEAM = J5375DNRA9;
				GENERATE_INFOPLIST_FILE = YES;
				IPHONEOS_DEPLOYMENT_TARGET = 17.0;
				MARKETING_VERSION = 1.0;
				PRODUCT_BUNDLE_IDENTIFIER = com.stacks.StaksTests;
				PRODUCT_NAME = "$(TARGET_NAME)";
				SWIFT_EMIT_LOC_STRINGS = NO;
				SWIFT_VERSION = 5.0;
				TARGETED_DEVICE_FAMILY = "1,2";
				TEST_HOST = "$(BUILT_PRODUCTS_DIR)/Staks.app/$(BUNDLE_EXECUTABLE_FOLDER_PATH)/Staks";
			};
			name = Debug;
		};
		BE5D3CCA2BD63D5800541402 /* Release */ = {
			isa = XCBuildConfiguration;
			buildSettings = {
				ALWAYS_EMBED_SWIFT_STANDARD_LIBRARIES = YES;
				BUNDLE_LOADER = "$(TEST_HOST)";
				CODE_SIGN_STYLE = Automatic;
				CURRENT_PROJECT_VERSION = 1;
				DEVELOPMENT_TEAM = J5375DNRA9;
				GENERATE_INFOPLIST_FILE = YES;
				IPHONEOS_DEPLOYMENT_TARGET = 17.0;
				MARKETING_VERSION = 1.0;
				PRODUCT_BUNDLE_IDENTIFIER = com.stacks.StaksTests;
				PRODUCT_NAME = "$(TARGET_NAME)";
				SWIFT_EMIT_LOC_STRINGS = NO;
				SWIFT_VERSION = 5.0;
				TARGETED_DEVICE_FAMILY = "1,2";
				TEST_HOST = "$(BUILT_PRODUCTS_DIR)/Staks.app/$(BUNDLE_EXECUTABLE_FOLDER_PATH)/Staks";
			};
			name = Release;
		};
		BE5D3CCC2BD63D5800541402 /* Debug */ = {
			isa = XCBuildConfiguration;
			buildSettings = {
				ALWAYS_EMBED_SWIFT_STANDARD_LIBRARIES = YES;
				CODE_SIGN_STYLE = Automatic;
				CURRENT_PROJECT_VERSION = 1;
				DEVELOPMENT_TEAM = J5375DNRA9;
				GENERATE_INFOPLIST_FILE = YES;
				MARKETING_VERSION = 1.0;
				PRODUCT_BUNDLE_IDENTIFIER = com.stacks.StaksUITests;
				PRODUCT_NAME = "$(TARGET_NAME)";
				SWIFT_EMIT_LOC_STRINGS = NO;
				SWIFT_VERSION = 5.0;
				TARGETED_DEVICE_FAMILY = "1,2";
				TEST_TARGET_NAME = Staks;
			};
			name = Debug;
		};
		BE5D3CCD2BD63D5800541402 /* Release */ = {
			isa = XCBuildConfiguration;
			buildSettings = {
				ALWAYS_EMBED_SWIFT_STANDARD_LIBRARIES = YES;
				CODE_SIGN_STYLE = Automatic;
				CURRENT_PROJECT_VERSION = 1;
				DEVELOPMENT_TEAM = J5375DNRA9;
				GENERATE_INFOPLIST_FILE = YES;
				MARKETING_VERSION = 1.0;
				PRODUCT_BUNDLE_IDENTIFIER = com.stacks.StaksUITests;
				PRODUCT_NAME = "$(TARGET_NAME)";
				SWIFT_EMIT_LOC_STRINGS = NO;
				SWIFT_VERSION = 5.0;
				TARGETED_DEVICE_FAMILY = "1,2";
				TEST_TARGET_NAME = Staks;
			};
			name = Release;
		};
/* End XCBuildConfiguration section */

/* Begin XCConfigurationList section */
		BE5D3C9C2BD63D5600541402 /* Build configuration list for PBXProject "Staks" */ = {
			isa = XCConfigurationList;
			buildConfigurations = (
				BE5D3CC32BD63D5800541402 /* Debug */,
				BE5D3CC42BD63D5800541402 /* Release */,
			);
			defaultConfigurationIsVisible = 0;
			defaultConfigurationName = Release;
		};
		BE5D3CC52BD63D5800541402 /* Build configuration list for PBXNativeTarget "Staks" */ = {
			isa = XCConfigurationList;
			buildConfigurations = (
				BE5D3CC62BD63D5800541402 /* Debug */,
				BE5D3CC72BD63D5800541402 /* Release */,
			);
			defaultConfigurationIsVisible = 0;
			defaultConfigurationName = Release;
		};
		BE5D3CC82BD63D5800541402 /* Build configuration list for PBXNativeTarget "StaksTests" */ = {
			isa = XCConfigurationList;
			buildConfigurations = (
				BE5D3CC92BD63D5800541402 /* Debug */,
				BE5D3CCA2BD63D5800541402 /* Release */,
			);
			defaultConfigurationIsVisible = 0;
			defaultConfigurationName = Release;
		};
		BE5D3CCB2BD63D5800541402 /* Build configuration list for PBXNativeTarget "StaksUITests" */ = {
			isa = XCConfigurationList;
			buildConfigurations = (
				BE5D3CCC2BD63D5800541402 /* Debug */,
				BE5D3CCD2BD63D5800541402 /* Release */,
			);
			defaultConfigurationIsVisible = 0;
			defaultConfigurationName = Release;
		};
/* End XCConfigurationList section */
	};
	rootObject = BE5D3C992BD63D5600541402 /* Project object */;
}
