// !$*UTF8*$!
{
	archiveVersion = 1;
	classes = {
	};
	objectVersion = 56;
	objects = {

/* Begin PBXBuildFile section */
		BE5D3CDB2BD6487400541402 /* StacksApp.swift in Sources */ = {isa = PBXBuildFile; fileRef = BE5D3CDA2BD6487400541402 /* StacksApp.swift */; };
		BE5D3CDD2BD6487400541402 /* ContentView.swift in Sources */ = {isa = PBXBuildFile; fileRef = BE5D3CDC2BD6487400541402 /* ContentView.swift */; };
		BE5D3CDF2BD6487600541402 /* Assets.xcassets in Resources */ = {isa = PBXBuildFile; fileRef = BE5D3CDE2BD6487600541402 /* Assets.xcassets */; };
		BE5D3CE22BD6487600541402 /* Preview Assets.xcassets in Resources */ = {isa = PBXBuildFile; fileRef = BE5D3CE12BD6487600541402 /* Preview Assets.xcassets */; };
		BE5D3CEC2BD6487600541402 /* StacksTests.swift in Sources */ = {isa = PBXBuildFile; fileRef = BE5D3CEB2BD6487600541402 /* StacksTests.swift */; };
		BE5D3CF62BD6487700541402 /* StacksUITests.swift in Sources */ = {isa = PBXBuildFile; fileRef = BE5D3CF52BD6487700541402 /* StacksUITests.swift */; };
		BE5D3CF82BD6487700541402 /* StacksUITestsLaunchTests.swift in Sources */ = {isa = PBXBuildFile; fileRef = BE5D3CF72BD6487700541402 /* StacksUITestsLaunchTests.swift */; };
/* End PBXBuildFile section */

/* Begin PBXContainerItemProxy section */
		BE5D3CE82BD6487600541402 /* PBXContainerItemProxy */ = {
			isa = PBXContainerItemProxy;
			containerPortal = BE5D3CCF2BD6487400541402 /* Project object */;
			proxyType = 1;
			remoteGlobalIDString = BE5D3CD62BD6487400541402;
			remoteInfo = Stacks;
		};
		BE5D3CF22BD6487700541402 /* PBXContainerItemProxy */ = {
			isa = PBXContainerItemProxy;
			containerPortal = BE5D3CCF2BD6487400541402 /* Project object */;
			proxyType = 1;
			remoteGlobalIDString = BE5D3CD62BD6487400541402;
			remoteInfo = Stacks;
		};
/* End PBXContainerItemProxy section */

/* Begin PBXFileReference section */
		BE5D3CD72BD6487400541402 /* Stacks.app */ = {isa = PBXFileReference; explicitFileType = wrapper.application; includeInIndex = 0; path = Stacks.app; sourceTree = BUILT_PRODUCTS_DIR; };
		BE5D3CDA2BD6487400541402 /* StacksApp.swift */ = {isa = PBXFileReference; lastKnownFileType = sourcecode.swift; path = StacksApp.swift; sourceTree = "<group>"; };
		BE5D3CDC2BD6487400541402 /* ContentView.swift */ = {isa = PBXFileReference; lastKnownFileType = sourcecode.swift; path = ContentView.swift; sourceTree = "<group>"; };
		BE5D3CDE2BD6487600541402 /* Assets.xcassets */ = {isa = PBXFileReference; lastKnownFileType = folder.assetcatalog; path = Assets.xcassets; sourceTree = "<group>"; };
		BE5D3CE12BD6487600541402 /* Preview Assets.xcassets */ = {isa = PBXFileReference; lastKnownFileType = folder.assetcatalog; path = "Preview Assets.xcassets"; sourceTree = "<group>"; };
		BE5D3CE72BD6487600541402 /* StacksTests.xctest */ = {isa = PBXFileReference; explicitFileType = wrapper.cfbundle; includeInIndex = 0; path = StacksTests.xctest; sourceTree = BUILT_PRODUCTS_DIR; };
		BE5D3CEB2BD6487600541402 /* StacksTests.swift */ = {isa = PBXFileReference; lastKnownFileType = sourcecode.swift; path = StacksTests.swift; sourceTree = "<group>"; };
		BE5D3CF12BD6487700541402 /* StacksUITests.xctest */ = {isa = PBXFileReference; explicitFileType = wrapper.cfbundle; includeInIndex = 0; path = StacksUITests.xctest; sourceTree = BUILT_PRODUCTS_DIR; };
		BE5D3CF52BD6487700541402 /* StacksUITests.swift */ = {isa = PBXFileReference; lastKnownFileType = sourcecode.swift; path = StacksUITests.swift; sourceTree = "<group>"; };
		BE5D3CF72BD6487700541402 /* StacksUITestsLaunchTests.swift */ = {isa = PBXFileReference; lastKnownFileType = sourcecode.swift; path = StacksUITestsLaunchTests.swift; sourceTree = "<group>"; };
/* End PBXFileReference section */

/* Begin PBXFrameworksBuildPhase section */
		BE5D3CD42BD6487400541402 /* Frameworks */ = {
			isa = PBXFrameworksBuildPhase;
			buildActionMask = 2147483647;
			files = (
			);
			runOnlyForDeploymentPostprocessing = 0;
		};
		BE5D3CE42BD6487600541402 /* Frameworks */ = {
			isa = PBXFrameworksBuildPhase;
			buildActionMask = 2147483647;
			files = (
			);
			runOnlyForDeploymentPostprocessing = 0;
		};
		BE5D3CEE2BD6487600541402 /* Frameworks */ = {
			isa = PBXFrameworksBuildPhase;
			buildActionMask = 2147483647;
			files = (
			);
			runOnlyForDeploymentPostprocessing = 0;
		};
/* End PBXFrameworksBuildPhase section */

/* Begin PBXGroup section */
		BE5D3CCE2BD6487400541402 = {
			isa = PBXGroup;
			children = (
				BE5D3CD92BD6487400541402 /* Stacks */,
				BE5D3CEA2BD6487600541402 /* StacksTests */,
				BE5D3CF42BD6487700541402 /* StacksUITests */,
				BE5D3CD82BD6487400541402 /* Products */,
			);
			sourceTree = "<group>";
		};
		BE5D3CD82BD6487400541402 /* Products */ = {
			isa = PBXGroup;
			children = (
				BE5D3CD72BD6487400541402 /* Stacks.app */,
				BE5D3CE72BD6487600541402 /* StacksTests.xctest */,
				BE5D3CF12BD6487700541402 /* StacksUITests.xctest */,
			);
			name = Products;
			sourceTree = "<group>";
		};
		BE5D3CD92BD6487400541402 /* Stacks */ = {
			isa = PBXGroup;
			children = (
				BE5D3CDA2BD6487400541402 /* StacksApp.swift */,
				BE5D3CDC2BD6487400541402 /* ContentView.swift */,
				BE5D3CDE2BD6487600541402 /* Assets.xcassets */,
				BE5D3CE02BD6487600541402 /* Preview Content */,
			);
			path = Stacks;
			sourceTree = "<group>";
		};
		BE5D3CE02BD6487600541402 /* Preview Content */ = {
			isa = PBXGroup;
			children = (
				BE5D3CE12BD6487600541402 /* Preview Assets.xcassets */,
			);
			path = "Preview Content";
			sourceTree = "<group>";
		};
		BE5D3CEA2BD6487600541402 /* StacksTests */ = {
			isa = PBXGroup;
			children = (
				BE5D3CEB2BD6487600541402 /* StacksTests.swift */,
			);
			path = StacksTests;
			sourceTree = "<group>";
		};
		BE5D3CF42BD6487700541402 /* StacksUITests */ = {
			isa = PBXGroup;
			children = (
				BE5D3CF52BD6487700541402 /* StacksUITests.swift */,
				BE5D3CF72BD6487700541402 /* StacksUITestsLaunchTests.swift */,
			);
			path = StacksUITests;
			sourceTree = "<group>";
		};
/* End PBXGroup section */

/* Begin PBXNativeTarget section */
		BE5D3CD62BD6487400541402 /* Stacks */ = {
			isa = PBXNativeTarget;
			buildConfigurationList = BE5D3CFB2BD6487700541402 /* Build configuration list for PBXNativeTarget "Stacks" */;
			buildPhases = (
				BE5D3CD32BD6487400541402 /* Sources */,
				BE5D3CD42BD6487400541402 /* Frameworks */,
				BE5D3CD52BD6487400541402 /* Resources */,
			);
			buildRules = (
			);
			dependencies = (
			);
			name = Stacks;
			productName = Stacks;
			productReference = BE5D3CD72BD6487400541402 /* Stacks.app */;
			productType = "com.apple.product-type.application";
		};
		BE5D3CE62BD6487600541402 /* StacksTests */ = {
			isa = PBXNativeTarget;
			buildConfigurationList = BE5D3CFE2BD6487700541402 /* Build configuration list for PBXNativeTarget "StacksTests" */;
			buildPhases = (
				BE5D3CE32BD6487600541402 /* Sources */,
				BE5D3CE42BD6487600541402 /* Frameworks */,
				BE5D3CE52BD6487600541402 /* Resources */,
			);
			buildRules = (
			);
			dependencies = (
				BE5D3CE92BD6487600541402 /* PBXTargetDependency */,
			);
			name = StacksTests;
			productName = StacksTests;
			productReference = BE5D3CE72BD6487600541402 /* StacksTests.xctest */;
			productType = "com.apple.product-type.bundle.unit-test";
		};
		BE5D3CF02BD6487600541402 /* StacksUITests */ = {
			isa = PBXNativeTarget;
			buildConfigurationList = BE5D3D012BD6487700541402 /* Build configuration list for PBXNativeTarget "StacksUITests" */;
			buildPhases = (
				BE5D3CED2BD6487600541402 /* Sources */,
				BE5D3CEE2BD6487600541402 /* Frameworks */,
				BE5D3CEF2BD6487600541402 /* Resources */,
			);
			buildRules = (
			);
			dependencies = (
				BE5D3CF32BD6487700541402 /* PBXTargetDependency */,
			);
			name = StacksUITests;
			productName = StacksUITests;
			productReference = BE5D3CF12BD6487700541402 /* StacksUITests.xctest */;
			productType = "com.apple.product-type.bundle.ui-testing";
		};
/* End PBXNativeTarget section */

/* Begin PBXProject section */
		BE5D3CCF2BD6487400541402 /* Project object */ = {
			isa = PBXProject;
			attributes = {
				BuildIndependentTargetsInParallel = 1;
				LastSwiftUpdateCheck = 1500;
				LastUpgradeCheck = 1500;
				TargetAttributes = {
					BE5D3CD62BD6487400541402 = {
						CreatedOnToolsVersion = 15.0;
					};
					BE5D3CE62BD6487600541402 = {
						CreatedOnToolsVersion = 15.0;
						TestTargetID = BE5D3CD62BD6487400541402;
					};
					BE5D3CF02BD6487600541402 = {
						CreatedOnToolsVersion = 15.0;
						TestTargetID = BE5D3CD62BD6487400541402;
					};
				};
			};
			buildConfigurationList = BE5D3CD22BD6487400541402 /* Build configuration list for PBXProject "Stacks" */;
			compatibilityVersion = "Xcode 14.0";
			developmentRegion = en;
			hasScannedForEncodings = 0;
			knownRegions = (
				en,
				Base,
			);
			mainGroup = BE5D3CCE2BD6487400541402;
			productRefGroup = BE5D3CD82BD6487400541402 /* Products */;
			projectDirPath = "";
			projectRoot = "";
			targets = (
				BE5D3CD62BD6487400541402 /* Stacks */,
				BE5D3CE62BD6487600541402 /* StacksTests */,
				BE5D3CF02BD6487600541402 /* StacksUITests */,
			);
		};
/* End PBXProject section */

/* Begin PBXResourcesBuildPhase section */
		BE5D3CD52BD6487400541402 /* Resources */ = {
			isa = PBXResourcesBuildPhase;
			buildActionMask = 2147483647;
			files = (
				BE5D3CE22BD6487600541402 /* Preview Assets.xcassets in Resources */,
				BE5D3CDF2BD6487600541402 /* Assets.xcassets in Resources */,
			);
			runOnlyForDeploymentPostprocessing = 0;
		};
		BE5D3CE52BD6487600541402 /* Resources */ = {
			isa = PBXResourcesBuildPhase;
			buildActionMask = 2147483647;
			files = (
			);
			runOnlyForDeploymentPostprocessing = 0;
		};
		BE5D3CEF2BD6487600541402 /* Resources */ = {
			isa = PBXResourcesBuildPhase;
			buildActionMask = 2147483647;
			files = (
			);
			runOnlyForDeploymentPostprocessing = 0;
		};
/* End PBXResourcesBuildPhase section */

/* Begin PBXSourcesBuildPhase section */
		BE5D3CD32BD6487400541402 /* Sources */ = {
			isa = PBXSourcesBuildPhase;
			buildActionMask = 2147483647;
			files = (
				BE5D3CDD2BD6487400541402 /* ContentView.swift in Sources */,
				BE5D3CDB2BD6487400541402 /* StacksApp.swift in Sources */,
			);
			runOnlyForDeploymentPostprocessing = 0;
		};
		BE5D3CE32BD6487600541402 /* Sources */ = {
			isa = PBXSourcesBuildPhase;
			buildActionMask = 2147483647;
			files = (
				BE5D3CEC2BD6487600541402 /* StacksTests.swift in Sources */,
			);
			runOnlyForDeploymentPostprocessing = 0;
		};
		BE5D3CED2BD6487600541402 /* Sources */ = {
			isa = PBXSourcesBuildPhase;
			buildActionMask = 2147483647;
			files = (
				BE5D3CF62BD6487700541402 /* StacksUITests.swift in Sources */,
				BE5D3CF82BD6487700541402 /* StacksUITestsLaunchTests.swift in Sources */,
			);
			runOnlyForDeploymentPostprocessing = 0;
		};
/* End PBXSourcesBuildPhase section */

/* Begin PBXTargetDependency section */
		BE5D3CE92BD6487600541402 /* PBXTargetDependency */ = {
			isa = PBXTargetDependency;
			target = BE5D3CD62BD6487400541402 /* Stacks */;
			targetProxy = BE5D3CE82BD6487600541402 /* PBXContainerItemProxy */;
		};
		BE5D3CF32BD6487700541402 /* PBXTargetDependency */ = {
			isa = PBXTargetDependency;
			target = BE5D3CD62BD6487400541402 /* Stacks */;
			targetProxy = BE5D3CF22BD6487700541402 /* PBXContainerItemProxy */;
		};
/* End PBXTargetDependency section */

/* Begin XCBuildConfiguration section */
		BE5D3CF92BD6487700541402 /* Debug */ = {
			isa = XCBuildConfiguration;
			buildSettings = {
				ALWAYS_SEARCH_USER_PATHS = NO;
				ASSETCATALOG_COMPILER_GENERATE_SWIFT_ASSET_SYMBOL_EXTENSIONS = YES;
				CLANG_ANALYZER_NONNULL = YES;
				CLANG_ANALYZER_NUMBER_OBJECT_CONVERSION = YES_AGGRESSIVE;
				CLANG_CXX_LANGUAGE_STANDARD = "gnu++20";
				CLANG_ENABLE_MODULES = YES;
				CLANG_ENABLE_OBJC_ARC = YES;
				CLANG_ENABLE_OBJC_WEAK = YES;
				CLANG_WARN_BLOCK_CAPTURE_AUTORELEASING = YES;
				CLANG_WARN_BOOL_CONVERSION = YES;
				CLANG_WARN_COMMA = YES;
				CLANG_WARN_CONSTANT_CONVERSION = YES;
				CLANG_WARN_DEPRECATED_OBJC_IMPLEMENTATIONS = YES;
				CLANG_WARN_DIRECT_OBJC_ISA_USAGE = YES_ERROR;
				CLANG_WARN_DOCUMENTATION_COMMENTS = YES;
				CLANG_WARN_EMPTY_BODY = YES;
				CLANG_WARN_ENUM_CONVERSION = YES;
				CLANG_WARN_INFINITE_RECURSION = YES;
				CLANG_WARN_INT_CONVERSION = YES;
				CLANG_WARN_NON_LITERAL_NULL_CONVERSION = YES;
				CLANG_WARN_OBJC_IMPLICIT_RETAIN_SELF = YES;
				CLANG_WARN_OBJC_LITERAL_CONVERSION = YES;
				CLANG_WARN_OBJC_ROOT_CLASS = YES_ERROR;
				CLANG_WARN_QUOTED_INCLUDE_IN_FRAMEWORK_HEADER = YES;
				CLANG_WARN_RANGE_LOOP_ANALYSIS = YES;
				CLANG_WARN_STRICT_PROTOTYPES = YES;
				CLANG_WARN_SUSPICIOUS_MOVE = YES;
				CLANG_WARN_UNGUARDED_AVAILABILITY = YES_AGGRESSIVE;
				CLANG_WARN_UNREACHABLE_CODE = YES;
				CLANG_WARN__DUPLICATE_METHOD_MATCH = YES;
				COPY_PHASE_STRIP = NO;
				DEBUG_INFORMATION_FORMAT = dwarf;
				ENABLE_STRICT_OBJC_MSGSEND = YES;
				ENABLE_TESTABILITY = YES;
				ENABLE_USER_SCRIPT_SANDBOXING = YES;
				GCC_C_LANGUAGE_STANDARD = gnu17;
				GCC_DYNAMIC_NO_PIC = NO;
				GCC_NO_COMMON_BLOCKS = YES;
				GCC_OPTIMIZATION_LEVEL = 0;
				GCC_PREPROCESSOR_DEFINITIONS = (
					"DEBUG=1",
					"$(inherited)",
				);
				GCC_WARN_64_TO_32_BIT_CONVERSION = YES;
				GCC_WARN_ABOUT_RETURN_TYPE = YES_ERROR;
				GCC_WARN_UNDECLARED_SELECTOR = YES;
				GCC_WARN_UNINITIALIZED_AUTOS = YES_AGGRESSIVE;
				GCC_WARN_UNUSED_FUNCTION = YES;
				GCC_WARN_UNUSED_VARIABLE = YES;
				IPHONEOS_DEPLOYMENT_TARGET = 17.0;
				LOCALIZATION_PREFERS_STRING_CATALOGS = YES;
				MTL_ENABLE_DEBUG_INFO = INCLUDE_SOURCE;
				MTL_FAST_MATH = YES;
				ONLY_ACTIVE_ARCH = YES;
				SDKROOT = iphoneos;
				SWIFT_ACTIVE_COMPILATION_CONDITIONS = "DEBUG $(inherited)";
				SWIFT_OPTIMIZATION_LEVEL = "-Onone";
			};
			name = Debug;
		};
		BE5D3CFA2BD6487700541402 /* Release */ = {
			isa = XCBuildConfiguration;
			buildSettings = {
				ALWAYS_SEARCH_USER_PATHS = NO;
				ASSETCATALOG_COMPILER_GENERATE_SWIFT_ASSET_SYMBOL_EXTENSIONS = YES;
				CLANG_ANALYZER_NONNULL = YES;
				CLANG_ANALYZER_NUMBER_OBJECT_CONVERSION = YES_AGGRESSIVE;
				CLANG_CXX_LANGUAGE_STANDARD = "gnu++20";
				CLANG_ENABLE_MODULES = YES;
				CLANG_ENABLE_OBJC_ARC = YES;
				CLANG_ENABLE_OBJC_WEAK = YES;
				CLANG_WARN_BLOCK_CAPTURE_AUTORELEASING = YES;
				CLANG_WARN_BOOL_CONVERSION = YES;
				CLANG_WARN_COMMA = YES;
				CLANG_WARN_CONSTANT_CONVERSION = YES;
				CLANG_WARN_DEPRECATED_OBJC_IMPLEMENTATIONS = YES;
				CLANG_WARN_DIRECT_OBJC_ISA_USAGE = YES_ERROR;
				CLANG_WARN_DOCUMENTATION_COMMENTS = YES;
				CLANG_WARN_EMPTY_BODY = YES;
				CLANG_WARN_ENUM_CONVERSION = YES;
				CLANG_WARN_INFINITE_RECURSION = YES;
				CLANG_WARN_INT_CONVERSION = YES;
				CLANG_WARN_NON_LITERAL_NULL_CONVERSION = YES;
				CLANG_WARN_OBJC_IMPLICIT_RETAIN_SELF = YES;
				CLANG_WARN_OBJC_LITERAL_CONVERSION = YES;
				CLANG_WARN_OBJC_ROOT_CLASS = YES_ERROR;
				CLANG_WARN_QUOTED_INCLUDE_IN_FRAMEWORK_HEADER = YES;
				CLANG_WARN_RANGE_LOOP_ANALYSIS = YES;
				CLANG_WARN_STRICT_PROTOTYPES = YES;
				CLANG_WARN_SUSPICIOUS_MOVE = YES;
				CLANG_WARN_UNGUARDED_AVAILABILITY = YES_AGGRESSIVE;
				CLANG_WARN_UNREACHABLE_CODE = YES;
				CLANG_WARN__DUPLICATE_METHOD_MATCH = YES;
				COPY_PHASE_STRIP = NO;
				DEBUG_INFORMATION_FORMAT = "dwarf-with-dsym";
				ENABLE_NS_ASSERTIONS = NO;
				ENABLE_STRICT_OBJC_MSGSEND = YES;
				ENABLE_USER_SCRIPT_SANDBOXING = YES;
				GCC_C_LANGUAGE_STANDARD = gnu17;
				GCC_NO_COMMON_BLOCKS = YES;
				GCC_WARN_64_TO_32_BIT_CONVERSION = YES;
				GCC_WARN_ABOUT_RETURN_TYPE = YES_ERROR;
				GCC_WARN_UNDECLARED_SELECTOR = YES;
				GCC_WARN_UNINITIALIZED_AUTOS = YES_AGGRESSIVE;
				GCC_WARN_UNUSED_FUNCTION = YES;
				GCC_WARN_UNUSED_VARIABLE = YES;
				IPHONEOS_DEPLOYMENT_TARGET = 17.0;
				LOCALIZATION_PREFERS_STRING_CATALOGS = YES;
				MTL_ENABLE_DEBUG_INFO = NO;
				MTL_FAST_MATH = YES;
				SDKROOT = iphoneos;
				SWIFT_COMPILATION_MODE = wholemodule;
				VALIDATE_PRODUCT = YES;
			};
			name = Release;
		};
		BE5D3CFC2BD6487700541402 /* Debug */ = {
			isa = XCBuildConfiguration;
			buildSettings = {
				ASSETCATALOG_COMPILER_APPICON_NAME = AppIcon;
				ASSETCATALOG_COMPILER_GLOBAL_ACCENT_COLOR_NAME = AccentColor;
				CODE_SIGN_STYLE = Automatic;
				CURRENT_PROJECT_VERSION = 1;
				DEVELOPMENT_ASSET_PATHS = "\"Stacks/Preview Content\"";
				DEVELOPMENT_TEAM = J5375DNRA9;
				ENABLE_PREVIEWS = YES;
				GENERATE_INFOPLIST_FILE = YES;
				INFOPLIST_KEY_UIApplicationSceneManifest_Generation = YES;
				INFOPLIST_KEY_UIApplicationSupportsIndirectInputEvents = YES;
				INFOPLIST_KEY_UILaunchScreen_Generation = YES;
				INFOPLIST_KEY_UISupportedInterfaceOrientations_iPad = "UIInterfaceOrientationPortrait UIInterfaceOrientationPortraitUpsideDown UIInterfaceOrientationLandscapeLeft UIInterfaceOrientationLandscapeRight";
				INFOPLIST_KEY_UISupportedInterfaceOrientations_iPhone = "UIInterfaceOrientationPortrait UIInterfaceOrientationLandscapeLeft UIInterfaceOrientationLandscapeRight";
				LD_RUNPATH_SEARCH_PATHS = (
					"$(inherited)",
					"@executable_path/Frameworks",
				);
				MARKETING_VERSION = 1.0;
				PRODUCT_BUNDLE_IDENTIFIER = com.stacks.Stacks;
				PRODUCT_NAME = "$(TARGET_NAME)";
				SWIFT_EMIT_LOC_STRINGS = YES;
				SWIFT_VERSION = 5.0;
				TARGETED_DEVICE_FAMILY = "1,2";
			};
			name = Debug;
		};
		BE5D3CFD2BD6487700541402 /* Release */ = {
			isa = XCBuildConfiguration;
			buildSettings = {
				ASSETCATALOG_COMPILER_APPICON_NAME = AppIcon;
				ASSETCATALOG_COMPILER_GLOBAL_ACCENT_COLOR_NAME = AccentColor;
				CODE_SIGN_STYLE = Automatic;
				CURRENT_PROJECT_VERSION = 1;
				DEVELOPMENT_ASSET_PATHS = "\"Stacks/Preview Content\"";
				DEVELOPMENT_TEAM = J5375DNRA9;
				ENABLE_PREVIEWS = YES;
				GENERATE_INFOPLIST_FILE = YES;
				INFOPLIST_KEY_UIApplicationSceneManifest_Generation = YES;
				INFOPLIST_KEY_UIApplicationSupportsIndirectInputEvents = YES;
				INFOPLIST_KEY_UILaunchScreen_Generation = YES;
				INFOPLIST_KEY_UISupportedInterfaceOrientations_iPad = "UIInterfaceOrientationPortrait UIInterfaceOrientationPortraitUpsideDown UIInterfaceOrientationLandscapeLeft UIInterfaceOrientationLandscapeRight";
				INFOPLIST_KEY_UISupportedInterfaceOrientations_iPhone = "UIInterfaceOrientationPortrait UIInterfaceOrientationLandscapeLeft UIInterfaceOrientationLandscapeRight";
				LD_RUNPATH_SEARCH_PATHS = (
					"$(inherited)",
					"@executable_path/Frameworks",
				);
				MARKETING_VERSION = 1.0;
				PRODUCT_BUNDLE_IDENTIFIER = com.stacks.Stacks;
				PRODUCT_NAME = "$(TARGET_NAME)";
				SWIFT_EMIT_LOC_STRINGS = YES;
				SWIFT_VERSION = 5.0;
				TARGETED_DEVICE_FAMILY = "1,2";
			};
			name = Release;
		};
		BE5D3CFF2BD6487700541402 /* Debug */ = {
			isa = XCBuildConfiguration;
			buildSettings = {
				ALWAYS_EMBED_SWIFT_STANDARD_LIBRARIES = YES;
				BUNDLE_LOADER = "$(TEST_HOST)";
				CODE_SIGN_STYLE = Automatic;
				CURRENT_PROJECT_VERSION = 1;
				DEVELOPMENT_TEAM = J5375DNRA9;
				GENERATE_INFOPLIST_FILE = YES;
				IPHONEOS_DEPLOYMENT_TARGET = 17.0;
				MARKETING_VERSION = 1.0;
				PRODUCT_BUNDLE_IDENTIFIER = com.stacks.StacksTests;
				PRODUCT_NAME = "$(TARGET_NAME)";
				SWIFT_EMIT_LOC_STRINGS = NO;
				SWIFT_VERSION = 5.0;
				TARGETED_DEVICE_FAMILY = "1,2";
				TEST_HOST = "$(BUILT_PRODUCTS_DIR)/Stacks.app/$(BUNDLE_EXECUTABLE_FOLDER_PATH)/Stacks";
			};
			name = Debug;
		};
		BE5D3D002BD6487700541402 /* Release */ = {
			isa = XCBuildConfiguration;
			buildSettings = {
				ALWAYS_EMBED_SWIFT_STANDARD_LIBRARIES = YES;
				BUNDLE_LOADER = "$(TEST_HOST)";
				CODE_SIGN_STYLE = Automatic;
				CURRENT_PROJECT_VERSION = 1;
				DEVELOPMENT_TEAM = J5375DNRA9;
				GENERATE_INFOPLIST_FILE = YES;
				IPHONEOS_DEPLOYMENT_TARGET = 17.0;
				MARKETING_VERSION = 1.0;
				PRODUCT_BUNDLE_IDENTIFIER = com.stacks.StacksTests;
				PRODUCT_NAME = "$(TARGET_NAME)";
				SWIFT_EMIT_LOC_STRINGS = NO;
				SWIFT_VERSION = 5.0;
				TARGETED_DEVICE_FAMILY = "1,2";
				TEST_HOST = "$(BUILT_PRODUCTS_DIR)/Stacks.app/$(BUNDLE_EXECUTABLE_FOLDER_PATH)/Stacks";
			};
			name = Release;
		};
		BE5D3D022BD6487700541402 /* Debug */ = {
			isa = XCBuildConfiguration;
			buildSettings = {
				ALWAYS_EMBED_SWIFT_STANDARD_LIBRARIES = YES;
				CODE_SIGN_STYLE = Automatic;
				CURRENT_PROJECT_VERSION = 1;
				DEVELOPMENT_TEAM = J5375DNRA9;
				GENERATE_INFOPLIST_FILE = YES;
				MARKETING_VERSION = 1.0;
				PRODUCT_BUNDLE_IDENTIFIER = com.stacks.StacksUITests;
				PRODUCT_NAME = "$(TARGET_NAME)";
				SWIFT_EMIT_LOC_STRINGS = NO;
				SWIFT_VERSION = 5.0;
				TARGETED_DEVICE_FAMILY = "1,2";
				TEST_TARGET_NAME = Stacks;
			};
			name = Debug;
		};
		BE5D3D032BD6487700541402 /* Release */ = {
			isa = XCBuildConfiguration;
			buildSettings = {
				ALWAYS_EMBED_SWIFT_STANDARD_LIBRARIES = YES;
				CODE_SIGN_STYLE = Automatic;
				CURRENT_PROJECT_VERSION = 1;
				DEVELOPMENT_TEAM = J5375DNRA9;
				GENERATE_INFOPLIST_FILE = YES;
				MARKETING_VERSION = 1.0;
				PRODUCT_BUNDLE_IDENTIFIER = com.stacks.StacksUITests;
				PRODUCT_NAME = "$(TARGET_NAME)";
				SWIFT_EMIT_LOC_STRINGS = NO;
				SWIFT_VERSION = 5.0;
				TARGETED_DEVICE_FAMILY = "1,2";
				TEST_TARGET_NAME = Stacks;
			};
			name = Release;
		};
/* End XCBuildConfiguration section */

/* Begin XCConfigurationList section */
		BE5D3CD22BD6487400541402 /* Build configuration list for PBXProject "Stacks" */ = {
			isa = XCConfigurationList;
			buildConfigurations = (
				BE5D3CF92BD6487700541402 /* Debug */,
				BE5D3CFA2BD6487700541402 /* Release */,
			);
			defaultConfigurationIsVisible = 0;
			defaultConfigurationName = Release;
		};
		BE5D3CFB2BD6487700541402 /* Build configuration list for PBXNativeTarget "Stacks" */ = {
			isa = XCConfigurationList;
			buildConfigurations = (
				BE5D3CFC2BD6487700541402 /* Debug */,
				BE5D3CFD2BD6487700541402 /* Release */,
			);
			defaultConfigurationIsVisible = 0;
			defaultConfigurationName = Release;
		};
		BE5D3CFE2BD6487700541402 /* Build configuration list for PBXNativeTarget "StacksTests" */ = {
			isa = XCConfigurationList;
			buildConfigurations = (
				BE5D3CFF2BD6487700541402 /* Debug */,
				BE5D3D002BD6487700541402 /* Release */,
			);
			defaultConfigurationIsVisible = 0;
			defaultConfigurationName = Release;
		};
		BE5D3D012BD6487700541402 /* Build configuration list for PBXNativeTarget "StacksUITests" */ = {
			isa = XCConfigurationList;
			buildConfigurations = (
				BE5D3D022BD6487700541402 /* Debug */,
				BE5D3D032BD6487700541402 /* Release */,
			);
			defaultConfigurationIsVisible = 0;
			defaultConfigurationName = Release;
		};
/* End XCConfigurationList section */
	};
	rootObject = BE5D3CCF2BD6487400541402 /* Project object */;
}
